
Microsoft Visual Studio Solution File, Format Version 12.00
# Visual Studio Version 17
VisualStudioVersion = 17.13.35913.81 d17.13
MinimumVisualStudioVersion = 10.0.40219.1
Project("{FAE04EC0-301F-11D3-BF4B-00C04F79EFBC}") = "MattLibs.Threading", "src\MattLibs.Threading.csproj", "{62A881DF-2FC0-3B5A-E7E9-7292BF3A778E}"
EndProject
Global
	GlobalSection(SolutionConfigurationPlatforms) = preSolution
		Debug|Any CPU = Debug|Any CPU
		Release|Any CPU = Release|Any CPU
	EndGlobalSection
	GlobalSection(ProjectConfigurationPlatforms) = postSolution
		{62A881DF-2FC0-3B5A-E7E9-7292BF3A778E}.Debug|Any CPU.ActiveCfg = Debug|Any CPU
		{62A881DF-2FC0-3B5A-E7E9-7292BF3A778E}.Debug|Any CPU.Build.0 = Debug|Any CPU
		{62A881DF-2FC0-3B5A-E7E9-7292BF3A778E}.Release|Any CPU.ActiveCfg = Release|Any CPU
		{62A881DF-2FC0-3B5A-E7E9-7292BF3A778E}.Release|Any CPU.Build.0 = Release|Any CPU
	EndGlobalSection
	GlobalSection(SolutionProperties) = preSolution
		HideSolutionNode = FALSE
	EndGlobalSection
	GlobalSection(ExtensibilityGlobals) = postSolution
		SolutionGuid = {EDBC8A0D-7E0B-459B-89A4-9A9ED4EAC5F7}
	EndGlobalSection
EndGlobal
